{
    "_readme": [
        "This file locks the dependencies of your project to a known state",
        "Read more about it at https://getcomposer.org/doc/01-basic-usage.md#installing-dependencies",
        "This file is @generated automatically"
    ],
    "content-hash": "581a164ad175fd246953d2ea8272a34f",
    "packages": [
        {
            "name": "composer/installers",
            "version": "v1.9.0",
            "source": {
                "type": "git",
                "url": "https://github.com/composer/installers.git",
                "reference": "b93bcf0fa1fccb0b7d176b0967d969691cd74cca"
            },
            "dist": {
                "type": "zip",
                "url": "https://api.github.com/repos/composer/installers/zipball/b93bcf0fa1fccb0b7d176b0967d969691cd74cca",
                "reference": "b93bcf0fa1fccb0b7d176b0967d969691cd74cca",
                "shasum": ""
            },
            "require": {
                "composer-plugin-api": "^1.0 || ^2.0"
            },
            "replace": {
                "roundcube/plugin-installer": "*",
                "shama/baton": "*"
            },
            "require-dev": {
                "composer/composer": "1.6.* || 2.0.*@dev",
                "composer/semver": "1.0.* || 2.0.*@dev",
                "phpunit/phpunit": "^4.8.36",
                "sebastian/comparator": "^1.2.4",
                "symfony/process": "^2.3"
            },
            "type": "composer-plugin",
            "extra": {
                "class": "Composer\\Installers\\Plugin",
                "branch-alias": {
                    "dev-master": "1.0-dev"
                }
            },
            "autoload": {
                "psr-4": {
                    "Composer\\Installers\\": "src/Composer/Installers"
                }
            },
            "notification-url": "https://packagist.org/downloads/",
            "license": [
                "MIT"
            ],
            "authors": [
                {
                    "name": "Kyle Robinson Young",
                    "email": "kyle@dontkry.com",
                    "homepage": "https://github.com/shama"
                }
            ],
            "description": "A multi-framework Composer library installer",
            "homepage": "https://composer.github.io/installers/",
            "keywords": [
                "Craft",
                "Dolibarr",
                "Eliasis",
                "Hurad",
                "ImageCMS",
                "Kanboard",
                "Lan Management System",
                "MODX Evo",
                "MantisBT",
                "Mautic",
                "Maya",
                "OXID",
                "Plentymarkets",
                "Porto",
                "RadPHP",
                "SMF",
                "Thelia",
                "Whmcs",
                "WolfCMS",
                "agl",
                "aimeos",
                "annotatecms",
                "attogram",
                "bitrix",
                "cakephp",
                "chef",
                "cockpit",
                "codeigniter",
                "concrete5",
                "croogo",
                "dokuwiki",
                "drupal",
                "eZ Platform",
                "elgg",
                "expressionengine",
                "fuelphp",
                "grav",
                "installer",
                "itop",
                "joomla",
                "known",
                "kohana",
                "laravel",
                "lavalite",
                "lithium",
                "magento",
                "majima",
                "mako",
                "mediawiki",
                "modulework",
                "modx",
                "moodle",
                "osclass",
                "phpbb",
                "piwik",
                "ppi",
                "puppet",
                "pxcms",
                "reindex",
                "roundcube",
                "shopware",
                "silverstripe",
                "sydes",
                "sylius",
                "symfony",
                "typo3",
                "wordpress",
                "yawik",
                "zend",
                "zikula"
            ],
            "funding": [
                {
                    "url": "https://packagist.com",
                    "type": "custom"
                },
                {
                    "url": "https://tidelift.com/funding/github/packagist/composer/composer",
                    "type": "tidelift"
                }
            ],
            "time": "2020-04-07T06:57:05+00:00"
        },
        {
            "name": "koodimonni-language/pt_br",
            "version": "5.4.1",
            "dist": {
                "type": "zip",
                "url": "https://downloads.wordpress.org/translation/core/5.4.1/pt_BR.zip"
            },
            "require": {
                "koodimonni-plugin-language/akismet-pt_br": "*",
                "koodimonni-plugin-language/bbpress-pt_br": "*",
                "koodimonni-plugin-language/woocommerce-pt_br": "*",
                "koodimonni-plugin-language/wordpress-importer-pt_br": "*",
                "koodimonni-theme-language/twentyeleven-pt_br": "*",
                "koodimonni-theme-language/twentyfifteen-pt_br": "*",
                "koodimonni-theme-language/twentyfourteen-pt_br": "*",
                "koodimonni-theme-language/twentysixteen-pt_br": "*",
                "koodimonni-theme-language/twentyten-pt_br": "*",
                "koodimonni-theme-language/twentythirteen-pt_br": "*",
                "koodimonni-theme-language/twentytwelve-pt_br": "*",
                "koodimonni/composer-dropin-installer": ">=0.2.3"
            },
            "type": "wordpress-language",
            "description": "Full Wordpress translation (including themes and core plugins) for Portuguese (Brazil) - pt_br",
            "keywords": [
                "Full-Package",
                "Translation",
                "Wordpress",
                "pt_br",
                "twentysixteen"
            ]
        },
        {
            "name": "koodimonni-plugin-language/akismet-pt_br",
            "version": "4.1.5",
            "dist": {
                "type": "zip",
                "url": "https://downloads.wordpress.org/translation/plugin/akismet/4.1.5/pt_BR.zip"
            },
            "require": {
                "koodimonni/composer-dropin-installer": ">=0.2.3"
            },
            "type": "wordpress-language",
            "description": "Wordpress akismet translation for Portuguese (Brazil) - pt_br",
            "keywords": [
                "Translation",
                "Wordpress",
                "akismet",
                "pt_br"
            ]
        },
        {
            "name": "koodimonni-plugin-language/bbpress-pt_br",
            "version": "2.6.4",
            "dist": {
                "type": "zip",
                "url": "https://downloads.wordpress.org/translation/plugin/bbpress/2.6.4/pt_BR.zip"
            },
            "require": {
                "koodimonni/composer-dropin-installer": ">=0.2.3"
            },
            "type": "wordpress-language",
            "description": "Wordpress bbpress translation for Portuguese (Brazil) - pt_br",
            "keywords": [
                "Translation",
                "Wordpress",
                "bbpress",
                "pt_br"
            ]
        },
        {
            "name": "koodimonni-plugin-language/woocommerce-pt_br",
            "version": "4.1.1",
            "dist": {
                "type": "zip",
                "url": "https://downloads.wordpress.org/translation/plugin/woocommerce/4.1.1/pt_BR.zip"
            },
            "require": {
                "koodimonni/composer-dropin-installer": ">=0.2.3"
            },
            "type": "wordpress-language",
            "description": "Wordpress woocommerce translation for Portuguese (Brazil) - pt_br",
            "keywords": [
                "Translation",
                "Wordpress",
                "pt_br",
                "woocommerce"
            ]
        },
        {
            "name": "koodimonni-plugin-language/wordpress-importer-pt_br",
            "version": "0.7",
            "dist": {
                "type": "zip",
                "url": "https://downloads.wordpress.org/translation/plugin/wordpress-importer/0.7/pt_BR.zip"
            },
            "require": {
                "koodimonni/composer-dropin-installer": ">=0.2.3"
            },
            "type": "wordpress-language",
            "description": "Wordpress wordpress-importer translation for Portuguese (Brazil) - pt_br",
            "keywords": [
                "Translation",
                "Wordpress",
                "pt_br",
                "wordpress-importer"
            ]
        },
        {
            "name": "koodimonni-theme-language/twentyeleven-pt_br",
            "version": "3.4",
            "dist": {
                "type": "zip",
                "url": "https://downloads.wordpress.org/translation/theme/twentyeleven/3.4/pt_BR.zip"
            },
            "require": {
                "koodimonni/composer-dropin-installer": ">=0.2.3"
            },
            "type": "wordpress-language",
            "description": "Wordpress twentyeleven translation for Portuguese (Brazil) - pt_br",
            "keywords": [
                "Translation",
                "Wordpress",
                "pt_br",
                "twentyeleven"
            ]
        },
        {
            "name": "koodimonni-theme-language/twentyfifteen-pt_br",
            "version": "2.6",
            "dist": {
                "type": "zip",
                "url": "https://downloads.wordpress.org/translation/theme/twentyfifteen/2.6/pt_BR.zip"
            },
            "require": {
                "koodimonni/composer-dropin-installer": ">=0.2.3"
            },
            "type": "wordpress-language",
            "description": "Wordpress twentyfifteen translation for Portuguese (Brazil) - pt_br",
            "keywords": [
                "Translation",
                "Wordpress",
                "pt_br",
                "twentyfifteen"
            ]
        },
        {
            "name": "koodimonni-theme-language/twentyfourteen-pt_br",
            "version": "2.8",
            "dist": {
                "type": "zip",
                "url": "https://downloads.wordpress.org/translation/theme/twentyfourteen/2.8/pt_BR.zip"
            },
            "require": {
                "koodimonni/composer-dropin-installer": ">=0.2.3"
            },
            "type": "wordpress-language",
            "description": "Wordpress twentyfourteen translation for Portuguese (Brazil) - pt_br",
            "keywords": [
                "Translation",
                "Wordpress",
                "pt_br",
                "twentyfourteen"
            ]
        },
        {
            "name": "koodimonni-theme-language/twentysixteen-pt_br",
            "version": "2.1",
            "dist": {
                "type": "zip",
                "url": "https://downloads.wordpress.org/translation/theme/twentysixteen/2.1/pt_BR.zip"
            },
            "require": {
                "koodimonni/composer-dropin-installer": ">=0.2.3"
            },
            "type": "wordpress-language",
            "description": "Wordpress twentysixteen translation for Portuguese (Brazil) - pt_br",
            "keywords": [
                "Translation",
                "Wordpress",
                "pt_br",
                "twentysixteen"
            ]
        },
        {
            "name": "koodimonni-theme-language/twentyten-pt_br",
            "version": "3.0",
            "dist": {
                "type": "zip",
                "url": "https://downloads.wordpress.org/translation/theme/twentyten/3.0/pt_BR.zip"
            },
            "require": {
                "koodimonni/composer-dropin-installer": ">=0.2.3"
            },
            "type": "wordpress-language",
            "description": "Wordpress twentyten translation for Portuguese (Brazil) - pt_br",
            "keywords": [
                "Translation",
                "Wordpress",
                "pt_br",
                "twentyten"
            ]
        },
        {
            "name": "koodimonni-theme-language/twentythirteen-pt_br",
            "version": "3.0",
            "dist": {
                "type": "zip",
                "url": "https://downloads.wordpress.org/translation/theme/twentythirteen/3.0/pt_BR.zip"
            },
            "require": {
                "koodimonni/composer-dropin-installer": ">=0.2.3"
            },
            "type": "wordpress-language",
            "description": "Wordpress twentythirteen translation for Portuguese (Brazil) - pt_br",
            "keywords": [
                "Translation",
                "Wordpress",
                "pt_br",
                "twentythirteen"
            ]
        },
        {
            "name": "koodimonni-theme-language/twentytwelve-pt_br",
            "version": "3.1",
            "dist": {
                "type": "zip",
                "url": "https://downloads.wordpress.org/translation/theme/twentytwelve/3.1/pt_BR.zip"
            },
            "require": {
                "koodimonni/composer-dropin-installer": ">=0.2.3"
            },
            "type": "wordpress-language",
            "description": "Wordpress twentytwelve translation for Portuguese (Brazil) - pt_br",
            "keywords": [
                "Translation",
                "Wordpress",
                "pt_br",
                "twentytwelve"
            ]
        },
        {
            "name": "koodimonni/composer-dropin-installer",
            "version": "1.2",
            "source": {
                "type": "git",
                "url": "https://github.com/Koodimonni/Composer-Dropin-Installer.git",
                "reference": "a749f19e3a3bc05529190961ed7529592b20138e"
            },
            "dist": {
                "type": "zip",
                "url": "https://api.github.com/repos/Koodimonni/Composer-Dropin-Installer/zipball/a749f19e3a3bc05529190961ed7529592b20138e",
                "reference": "a749f19e3a3bc05529190961ed7529592b20138e",
                "shasum": ""
            },
            "require": {
                "composer-plugin-api": "^1.0"
            },
            "require-dev": {
                "phpunit/phpunit": "3.7.*-dev"
            },
            "type": "composer-plugin",
            "extra": {
                "class": "Koodimonni\\Composer\\Dropin"
            },
            "autoload": {
                "psr-4": {
                    "Koodimonni\\Composer\\": "src"
                }
            },
            "notification-url": "https://packagist.org/downloads/",
            "license": [
                "WTFPL"
            ],
            "authors": [
                {
                    "name": "Onni Hakala",
                    "email": "onni@koodimonni.fi",
                    "role": "Developer"
                }
            ],
            "description": "Install packages or a few files from packages into custom paths without overwriting existing stuff.",
            "time": "2018-02-04T10:52:01+00:00"
        },
        {
            "name": "local/my-plugin",
            "version": "1.0.0",
            "dist": {
                "type": "path",
                "url": "packages/my-plugin",
                "reference": "146d068b90391c25c597ee4d36633362575a67d0"
            },
            "require": {
                "composer/installers": "~1.0"
            },
            "type": "wordpress-plugin",
            "transport-options": {
                "symlink": true,
                "relative": true
            }
        },
        {
            "name": "local/my-theme",
            "version": "1.0.1",
            "dist": {
                "type": "path",
                "url": "packages/my-theme",
                "reference": "e904a5d8c7089e13fcc254c164777fb3720a9a6e"
            },
            "require": {
                "composer/installers": "~1.0",
                "local/my-plugin": "*"
            },
            "type": "wordpress-theme",
            "transport-options": {
                "symlink": true,
                "relative": true
            }
        },
        {
            "name": "roots/wordpress",
            "version": "5.4.1",
            "source": {
                "type": "git",
                "url": "https://github.com/WordPress/WordPress.git",
                "reference": "5.4.1"
            },
            "dist": {
                "type": "zip",
                "url": "https://api.github.com/repos/WordPress/WordPress/zipball/5.4.1",
                "reference": "5.4.1"
            },
            "require": {
                "php": ">=5.3.2",
                "roots/wordpress-core-installer": ">=1.0.0"
            },
            "type": "wordpress-core",
            "notification-url": "https://packagist.org/downloads/",
            "license": [
                "GPL-2.0-or-later"
            ],
            "authors": [
                {
                    "name": "WordPress Community",
                    "homepage": "https://wordpress.org/about/"
                }
            ],
            "description": "WordPress is web software you can use to create a beautiful website or blog.",
            "homepage": "https://wordpress.org/",
            "keywords": [
                "blog",
                "cms",
                "wordpress"
            ],
            "funding": [
                {
                    "url": "https://www.patreon.com/rootsdev",
                    "type": "patreon"
                }
            ],
            "time": "2020-04-29T18:50:02+00:00"
        },
        {
            "name": "roots/wordpress-core-installer",
            "version": "1.1.0",
            "source": {
                "type": "git",
                "url": "https://github.com/roots/wordpress-core-installer.git",
                "reference": "83744b1ba5bbdb5bb225f47e24da61a6cf6c5b80"
            },
            "dist": {
                "type": "zip",
                "url": "https://api.github.com/repos/roots/wordpress-core-installer/zipball/83744b1ba5bbdb5bb225f47e24da61a6cf6c5b80",
                "reference": "83744b1ba5bbdb5bb225f47e24da61a6cf6c5b80",
                "shasum": ""
            },
            "require": {
                "composer-plugin-api": "^1.0"
            },
            "conflict": {
                "composer/installers": "<1.0.6"
            },
            "replace": {
                "johnpbloch/wordpress-core-installer": "*"
            },
            "require-dev": {
                "composer/composer": "^1.0",
                "phpunit/phpunit": ">=4.8.35"
            },
            "type": "composer-plugin",
            "extra": {
                "class": "Roots\\Composer\\WordPressCorePlugin"
            },
            "autoload": {
                "psr-4": {
                    "Roots\\Composer\\": "src/"
                }
            },
            "notification-url": "https://packagist.org/downloads/",
            "license": [
                "GPL-2.0-or-later"
            ],
            "authors": [
                {
                    "name": "John P. Bloch",
                    "email": "me@johnpbloch.com"
                },
                {
                    "name": "Roots",
                    "email": "team@roots.io"
                }
            ],
            "description": "A custom installer to handle deploying WordPress with composer",
            "keywords": [
                "wordpress"
            ],
            "time": "2018-12-10T00:22:15+00:00"
        }
    ],
    "packages-dev": [],
    "aliases": [],
    "minimum-stability": "stable",
    "stability-flags": [],
    "prefer-stable": false,
    "prefer-lowest": false,
    "platform": {
        "php": "^7.3",
        "ext-exif": "*",
        "ext-gd": "*",
        "ext-pdo": "*",
        "ext-bcmath": "*",
        "ext-mbstring": "*"
    },
    "platform-dev": [],
    "plugin-api-version": "1.1.0"
}
